{
  "name": "node-utils",
  "version": "1.0.0",
  "lockfileVersion": 1,
  "requires": true,
  "dependencies": {
    "adler-32": {
      "version": "1.2.0",
      "resolved": "https://registry.nlark.com/adler-32/download/adler-32-1.2.0.tgz",
      "integrity": "sha1-aj5r8KY5ALoVZSgIyxXGgT0aXyU=",
      "requires": {
        "exit-on-epipe": "~1.0.1",
        "printj": "~1.1.0"
      }
    },
    "axios": {
      "version": "0.26.0",
      "resolved": "https://registry.npmmirror.com/axios/-/axios-0.26.0.tgz",
      "integrity": "sha512-lKoGLMYtHvFrPVt3r+RBMp9nh34N0M8zEfCWqdWZx6phynIEhQqAdydpyBAAG211zlhX9Rgu08cOamy6XjE5Og==",
      "requires": {
        "follow-redirects": "^1.14.8"
      }
    },
    "boolbase": {
      "version": "1.0.0",
      "resolved": "https://registry.npmmirror.com/boolbase/-/boolbase-1.0.0.tgz",
      "integrity": "sha512-JZOSA7Mo9sNGB8+UjSgzdLtokWAky1zbztM3WRLCbZ70/3cTANmQmOdR7y2g+J0e2WXywy1yS468tY+IruqEww=="
    },
    "cfb": {
      "version": "1.2.1",
      "resolved": "https://registry.nlark.com/cfb/download/cfb-1.2.1.tgz?cache=0&sync_timestamp=1630959102076&other_urls=https%3A%2F%2Fregistry.nlark.com%2Fcfb%2Fdownload%2Fcfb-1.2.1.tgz",
      "integrity": "sha1-IJQp5MaO/TBkH2/HSy1gKL0gJAI=",
      "requires": {
        "adler-32": "~1.3.0",
        "crc-32": "~1.2.0",
        "printj": "~1.3.0"
      },
      "dependencies": {
        "adler-32": {
          "version": "1.3.0",
          "resolved": "https://registry.nlark.com/adler-32/download/adler-32-1.3.0.tgz",
          "integrity": "sha1-PK0bcc36afbIqR8+NhXTGk/e3HI=",
          "requires": {
            "printj": "~1.2.2"
          },
          "dependencies": {
            "printj": {
              "version": "1.2.3",
              "resolved": "https://registry.nlark.com/printj/download/printj-1.2.3.tgz",
              "integrity": "sha1-LPsrGSoeU4XbvltGZYrDSqgoUIo="
            }
          }
        },
        "printj": {
          "version": "1.3.0",
          "resolved": "https://registry.nlark.com/printj/download/printj-1.3.0.tgz",
          "integrity": "sha1-kBipGKeQ5DcH8QYl1uEBh6Nnz/Y="
        }
      }
    },
    "cheerio": {
      "version": "1.0.0-rc.10",
      "resolved": "https://registry.npmmirror.com/cheerio/-/cheerio-1.0.0-rc.10.tgz",
      "integrity": "sha512-g0J0q/O6mW8z5zxQ3A8E8J1hUgp4SMOvEoW/x84OwyHKe/Zccz83PVT4y5Crcr530FV6NgmKI1qvGTKVl9XXVw==",
      "requires": {
        "cheerio-select": "^1.5.0",
        "dom-serializer": "^1.3.2",
        "domhandler": "^4.2.0",
        "htmlparser2": "^6.1.0",
        "parse5": "^6.0.1",
        "parse5-htmlparser2-tree-adapter": "^6.0.1",
        "tslib": "^2.2.0"
      }
    },
    "cheerio-select": {
      "version": "1.5.0",
      "resolved": "https://registry.npmmirror.com/cheerio-select/-/cheerio-select-1.5.0.tgz",
      "integrity": "sha512-qocaHPv5ypefh6YNxvnbABM07KMxExbtbfuJoIie3iZXX1ERwYmJcIiRrr9H05ucQP1k28dav8rpdDgjQd8drg==",
      "requires": {
        "css-select": "^4.1.3",
        "css-what": "^5.0.1",
        "domelementtype": "^2.2.0",
        "domhandler": "^4.2.0",
        "domutils": "^2.7.0"
      }
    },
    "codepage": {
      "version": "1.15.0",
      "resolved": "https://registry.nlark.com/codepage/download/codepage-1.15.0.tgz?cache=0&sync_timestamp=1627593959520&other_urls=https%3A%2F%2Fregistry.nlark.com%2Fcodepage%2Fdownload%2Fcodepage-1.15.0.tgz",
      "integrity": "sha1-LgBRkCSzlCTsZu6z7AcifmkmGKs="
    },
    "crc-32": {
      "version": "1.2.0",
      "resolved": "https://registry.nlark.com/crc-32/download/crc-32-1.2.0.tgz",
      "integrity": "sha1-yy224puIUI4y2d0OwWk+e0Ghggg=",
      "requires": {
        "exit-on-epipe": "~1.0.1",
        "printj": "~1.1.0"
      }
    },
    "css-select": {
      "version": "4.2.1",
      "resolved": "https://registry.npmmirror.com/css-select/-/css-select-4.2.1.tgz",
      "integrity": "sha512-/aUslKhzkTNCQUB2qTX84lVmfia9NyjP3WpDGtj/WxhwBzWBYUV3DgUpurHTme8UTPcPlAD1DJ+b0nN/t50zDQ==",
      "requires": {
        "boolbase": "^1.0.0",
        "css-what": "^5.1.0",
        "domhandler": "^4.3.0",
        "domutils": "^2.8.0",
        "nth-check": "^2.0.1"
      }
    },
    "css-what": {
      "version": "5.1.0",
      "resolved": "https://registry.npmmirror.com/css-what/-/css-what-5.1.0.tgz",
      "integrity": "sha512-arSMRWIIFY0hV8pIxZMEfmMI47Wj3R/aWpZDDxWYCPEiOMv6tfOrnpDtgxBYPEQD4V0Y/958+1TdC3iWTFcUPw=="
    },
    "dom-serializer": {
      "version": "1.3.2",
      "resolved": "https://registry.npmmirror.com/dom-serializer/-/dom-serializer-1.3.2.tgz",
      "integrity": "sha512-5c54Bk5Dw4qAxNOI1pFEizPSjVsx5+bpJKmL2kPn8JhBUq2q09tTCa3mjijun2NfK78NMouDYNMBkOrPZiS+ig==",
      "requires": {
        "domelementtype": "^2.0.1",
        "domhandler": "^4.2.0",
        "entities": "^2.0.0"
      }
    },
    "domelementtype": {
      "version": "2.2.0",
      "resolved": "https://registry.npmmirror.com/domelementtype/-/domelementtype-2.2.0.tgz",
      "integrity": "sha512-DtBMo82pv1dFtUmHyr48beiuq792Sxohr+8Hm9zoxklYPfa6n0Z3Byjj2IV7bmr2IyqClnqEQhfgHJJ5QF0R5A=="
    },
    "domhandler": {
      "version": "4.3.0",
      "resolved": "https://registry.npmmirror.com/domhandler/-/domhandler-4.3.0.tgz",
      "integrity": "sha512-fC0aXNQXqKSFTr2wDNZDhsEYjCiYsDWl3D01kwt25hm1YIPyDGHvvi3rw+PLqHAl/m71MaiF7d5zvBr0p5UB2g==",
      "requires": {
        "domelementtype": "^2.2.0"
      }
    },
    "domutils": {
      "version": "2.8.0",
      "resolved": "https://registry.npmmirror.com/domutils/-/domutils-2.8.0.tgz",
      "integrity": "sha512-w96Cjofp72M5IIhpjgobBimYEfoPjx1Vx0BSX9P30WBdZW2WIKU0T1Bd0kz2eNZ9ikjKgHbEyKx8BB6H1L3h3A==",
      "requires": {
        "dom-serializer": "^1.0.1",
        "domelementtype": "^2.2.0",
        "domhandler": "^4.2.0"
      }
    },
    "entities": {
      "version": "2.2.0",
      "resolved": "https://registry.npmmirror.com/entities/-/entities-2.2.0.tgz",
      "integrity": "sha512-p92if5Nz619I0w+akJrLZH0MX0Pb5DX39XOwQTtXSdQQOaYH03S1uIQp4mhOZtAXrxq4ViO67YTiLBo2638o9A=="
    },
    "exit-on-epipe": {
      "version": "1.0.1",
      "resolved": "https://registry.nlark.com/exit-on-epipe/download/exit-on-epipe-1.0.1.tgz",
      "integrity": "sha1-C92S6H1ShdJn2qgXHQ6wYVlolpI="
    },
    "follow-redirects": {
      "version": "1.14.9",
      "resolved": "https://registry.npmmirror.com/follow-redirects/-/follow-redirects-1.14.9.tgz",
      "integrity": "sha512-MQDfihBQYMcyy5dhRDJUHcw7lb2Pv/TuE6xP1vyraLukNDHKbDxDNaOE3NbCAdKQApno+GPRyo1YAp89yCjK4w=="
    },
    "frac": {
      "version": "1.1.2",
      "resolved": "https://registry.nlark.com/frac/download/frac-1.1.2.tgz",
      "integrity": "sha1-PXT39keMiKG1AgMG10fcYxPHTQs="
    },
    "htmlparser2": {
      "version": "6.1.0",
      "resolved": "https://registry.npmmirror.com/htmlparser2/-/htmlparser2-6.1.0.tgz",
      "integrity": "sha512-gyyPk6rgonLFEDGoeRgQNaEUvdJ4ktTmmUh/h2t7s+M8oPpIPxgNACWa+6ESR57kXstwqPiCut0V8NRpcwgU7A==",
      "requires": {
        "domelementtype": "^2.0.1",
        "domhandler": "^4.0.0",
        "domutils": "^2.5.2",
        "entities": "^2.0.0"
      }
    },
    "lodash": {
      "version": "4.17.21",
      "resolved": "https://registry.npmmirror.com/lodash/download/lodash-4.17.21.tgz",
      "integrity": "sha512-v2kDEe57lecTulaDIuNTPy3Ry4gLGJ6Z1O3vE1krgXZNrsQ+LFTGHVxVjcXPs17LhbZVGedAJv8XZ1tvj5FvSg=="
    },
    "nth-check": {
      "version": "2.0.1",
      "resolved": "https://registry.npmmirror.com/nth-check/-/nth-check-2.0.1.tgz",
      "integrity": "sha512-it1vE95zF6dTT9lBsYbxvqh0Soy4SPowchj0UBGj/V6cTPnXXtQOPUbhZ6CmGzAD/rW22LQK6E96pcdJXk4A4w==",
      "requires": {
        "boolbase": "^1.0.0"
      }
    },
    "parse5": {
      "version": "6.0.1",
      "resolved": "https://registry.npmmirror.com/parse5/-/parse5-6.0.1.tgz",
      "integrity": "sha512-Ofn/CTFzRGTTxwpNEs9PP93gXShHcTq255nzRYSKe8AkVpZY7e1fpmTfOyoIvjP5HG7Z2ZM7VS9PPhQGW2pOpw=="
    },
    "parse5-htmlparser2-tree-adapter": {
      "version": "6.0.1",
      "resolved": "https://registry.npmmirror.com/parse5-htmlparser2-tree-adapter/-/parse5-htmlparser2-tree-adapter-6.0.1.tgz",
      "integrity": "sha512-qPuWvbLgvDGilKc5BoicRovlT4MtYT6JfJyBOMDsKoiT+GiuP5qyrPCnR9HcPECIJJmZh5jRndyNThnhhb/vlA==",
      "requires": {
        "parse5": "^6.0.1"
      }
    },
    "printj": {
      "version": "1.1.2",
      "resolved": "https://registry.nlark.com/printj/download/printj-1.1.2.tgz",
      "integrity": "sha1-2Q3rKXWoufYA+zoclOP0xTx4oiI="
    },
    "ssf": {
      "version": "0.11.2",
      "resolved": "https://registry.nlark.com/ssf/download/ssf-0.11.2.tgz",
      "integrity": "sha1-C5lpiyN1SNCI/EPN8rcMGnUSwGw=",
      "requires": {
        "frac": "~1.1.2"
      }
    },
    "tslib": {
      "version": "2.3.1",
      "resolved": "https://registry.npmmirror.com/tslib/-/tslib-2.3.1.tgz",
      "integrity": "sha512-77EbyPPpMz+FRFRuAFlWMtmgUWGe9UOG2Z25NqCwiIjRhOf5iKGuzSe5P2w1laq+FkRy4p+PCuVkJSGkzTEKVw=="
    },
    "wmf": {
      "version": "1.0.2",
      "resolved": "https://registry.nlark.com/wmf/download/wmf-1.0.2.tgz",
      "integrity": "sha1-fRnWIQcaCMK9xrfmiKnENSmMwto="
    },
    "word": {
      "version": "0.3.0",
      "resolved": "https://registry.nlark.com/word/download/word-0.3.0.tgz",
      "integrity": "sha1-hUIVfk+OhJ9KNjooiZLUdhLbmWE="
    },
    "xlsx": {
      "version": "0.17.4",
      "resolved": "https://registry.npmmirror.com/xlsx/download/xlsx-0.17.4.tgz?cache=0&sync_timestamp=1636867138079&other_urls=https%3A%2F%2Fregistry.npmmirror.com%2Fxlsx%2Fdownload%2Fxlsx-0.17.4.tgz",
      "integrity": "sha512-9aKt8g9ZLP0CUdBX8L5xnoMDFwSiLI997eQnDThCaqQMYB9AEBIRzblSSNN/ICMGLYIHUO3VKaItcedZJ3ijIg==",
      "requires": {
        "adler-32": "~1.2.0",
        "cfb": "^1.1.4",
        "codepage": "~1.15.0",
        "crc-32": "~1.2.0",
        "ssf": "~0.11.2",
        "wmf": "~1.0.1",
        "word": "~0.3.0"
      }
    }
  }
}
